// !$*UTF8*$!
{
	archiveVersion = 1;
	classes = {
	};
	objectVersion = 46;
	objects = {

/* Begin PBXBuildFile section */
		9668A7571DA5D2B100F10F62 /* OpenGLESConfig.h in CopyFiles */ = {isa = PBXBuildFile; fileRef = 9644C2741D66168B00EF4ACD /* OpenGLESConfig.h */; };
		9668A7581DA5D2B100F10F62 /* OpenGLESContext.h in CopyFiles */ = {isa = PBXBuildFile; fileRef = 9644C2761D66168B00EF4ACD /* OpenGLESContext.h */; };
		9668A7591DA5D2B100F10F62 /* OpenGLESFile.h in CopyFiles */ = {isa = PBXBuildFile; fileRef = 9644C2781D66168B00EF4ACD /* OpenGLESFile.h */; };
		9668A75A1DA5D2B100F10F62 /* OpenGLESImplementation.h in CopyFiles */ = {isa = PBXBuildFile; fileRef = 9644C27A1D66168B00EF4ACD /* OpenGLESImplementation.h */; };
		9668A75B1DA5D2B100F10F62 /* OpenGLESMath.h in CopyFiles */ = {isa = PBXBuildFile; fileRef = 9644C27B1D66168B00EF4ACD /* OpenGLESMath.h */; };
		9668A75C1DA5D2B100F10F62 /* OpenGLESString.h in CopyFiles */ = {isa = PBXBuildFile; fileRef = 9644C27D1D66168B00EF4ACD /* OpenGLESString.h */; };
		9668A75D1DA5D2B100F10F62 /* OpenGLESUtil.h in CopyFiles */ = {isa = PBXBuildFile; fileRef = 9644C27F1D66168B00EF4ACD /* OpenGLESUtil.h */; };
		9668A7601DA5D2EF00F10F62 /* OpenGLES11Context.h in CopyFiles */ = {isa = PBXBuildFile; fileRef = 9644C2451D66168B00EF4ACD /* OpenGLES11Context.h */; };
		9668A7611DA5D2EF00F10F62 /* OpenGLES11Implementation.h in CopyFiles */ = {isa = PBXBuildFile; fileRef = 9644C2471D66168B00EF4ACD /* OpenGLES11Implementation.h */; };
		9668A7631DA5D31A00F10F62 /* Attribute.h in CopyFiles */ = {isa = PBXBuildFile; fileRef = 9644C24A1D66168B00EF4ACD /* Attribute.h */; };
		9668A7641DA5D31A00F10F62 /* MatrixStack.h in CopyFiles */ = {isa = PBXBuildFile; fileRef = 9644C24C1D66168B00EF4ACD /* MatrixStack.h */; };
		9668A7651DA5D31A00F10F62 /* OpenGLES20Context.h in CopyFiles */ = {isa = PBXBuildFile; fileRef = 9644C24E1D66168B00EF4ACD /* OpenGLES20Context.h */; };
		9668A7661DA5D31A00F10F62 /* OpenGLES20Implementation.h in CopyFiles */ = {isa = PBXBuildFile; fileRef = 9644C2501D66168B00EF4ACD /* OpenGLES20Implementation.h */; };
		9668A7671DA5D31A00F10F62 /* OpenGLESState.h in CopyFiles */ = {isa = PBXBuildFile; fileRef = 9644C2521D66168B00EF4ACD /* OpenGLESState.h */; };
		9668A7681DA5D31A00F10F62 /* Shader.h in CopyFiles */ = {isa = PBXBuildFile; fileRef = 9644C2541D66168B00EF4ACD /* Shader.h */; };
		9668A7691DA5D31A00F10F62 /* ShaderFile.h in CopyFiles */ = {isa = PBXBuildFile; fileRef = 9644C2561D66168B00EF4ACD /* ShaderFile.h */; };
		9668A76A1DA5D31A00F10F62 /* ShaderProgram.h in CopyFiles */ = {isa = PBXBuildFile; fileRef = 9644C2581D66168B00EF4ACD /* ShaderProgram.h */; };
		9668A76B1DA5D31A00F10F62 /* ShaderSource.h in CopyFiles */ = {isa = PBXBuildFile; fileRef = 9644C2701D66168B00EF4ACD /* ShaderSource.h */; };
		9668A76C1DA5D31A00F10F62 /* Uniform.h in CopyFiles */ = {isa = PBXBuildFile; fileRef = 9644C2721D66168B00EF4ACD /* Uniform.h */; };
		9668A7741DA5D45600F10F62 /* OpenGLES11Context.cpp in Sources */ = {isa = PBXBuildFile; fileRef = 9644C2441D66168B00EF4ACD /* OpenGLES11Context.cpp */; };
		9668A7751DA5D45600F10F62 /* OpenGLES11Implementation.cpp in Sources */ = {isa = PBXBuildFile; fileRef = 9644C2461D66168B00EF4ACD /* OpenGLES11Implementation.cpp */; };
		9668A7761DA5D45600F10F62 /* Attribute.cpp in Sources */ = {isa = PBXBuildFile; fileRef = 9644C2491D66168B00EF4ACD /* Attribute.cpp */; };
		9668A7771DA5D45600F10F62 /* MatrixStack.cpp in Sources */ = {isa = PBXBuildFile; fileRef = 9644C24B1D66168B00EF4ACD /* MatrixStack.cpp */; };
		9668A7781DA5D45600F10F62 /* OpenGLES20Context.cpp in Sources */ = {isa = PBXBuildFile; fileRef = 9644C24D1D66168B00EF4ACD /* OpenGLES20Context.cpp */; };
		9668A7791DA5D45600F10F62 /* OpenGLES20Implementation.cpp in Sources */ = {isa = PBXBuildFile; fileRef = 9644C24F1D66168B00EF4ACD /* OpenGLES20Implementation.cpp */; };
		9668A77A1DA5D45600F10F62 /* OpenGLESState.cpp in Sources */ = {isa = PBXBuildFile; fileRef = 9644C2511D66168B00EF4ACD /* OpenGLESState.cpp */; };
		9668A77B1DA5D45600F10F62 /* Shader.cpp in Sources */ = {isa = PBXBuildFile; fileRef = 9644C2531D66168B00EF4ACD /* Shader.cpp */; };
		9668A77C1DA5D45600F10F62 /* ShaderFile.cpp in Sources */ = {isa = PBXBuildFile; fileRef = 9644C2551D66168B00EF4ACD /* ShaderFile.cpp */; };
		9668A77D1DA5D45600F10F62 /* ShaderProgram.cpp in Sources */ = {isa = PBXBuildFile; fileRef = 9644C2571D66168B00EF4ACD /* ShaderProgram.cpp */; };
		9668A77E1DA5D45600F10F62 /* ShaderSource.cpp in Sources */ = {isa = PBXBuildFile; fileRef = 9644C26F1D66168B00EF4ACD /* ShaderSource.cpp */; };
		9668A77F1DA5D45600F10F62 /* Uniform.cpp in Sources */ = {isa = PBXBuildFile; fileRef = 9644C2711D66168B00EF4ACD /* Uniform.cpp */; };
		9668A7801DA5D45600F10F62 /* OpenGLESConfig.cpp in Sources */ = {isa = PBXBuildFile; fileRef = 9644C2731D66168B00EF4ACD /* OpenGLESConfig.cpp */; };
		9668A7811DA5D45600F10F62 /* OpenGLESContext.cpp in Sources */ = {isa = PBXBuildFile; fileRef = 9644C2751D66168B00EF4ACD /* OpenGLESContext.cpp */; };
		9668A7821DA5D45600F10F62 /* OpenGLESFile.cpp in Sources */ = {isa = PBXBuildFile; fileRef = 9644C2771D66168B00EF4ACD /* OpenGLESFile.cpp */; };
		9668A7831DA5D45600F10F62 /* OpenGLESImplementation.cpp in Sources */ = {isa = PBXBuildFile; fileRef = 9644C2791D66168B00EF4ACD /* OpenGLESImplementation.cpp */; };
		9668A7841DA5D45600F10F62 /* OpenGLESString.cpp in Sources */ = {isa = PBXBuildFile; fileRef = 9644C27C1D66168B00EF4ACD /* OpenGLESString.cpp */; };
		9668A7851DA5D45600F10F62 /* OpenGLESUtil.cpp in Sources */ = {isa = PBXBuildFile; fileRef = 9644C27E1D66168B00EF4ACD /* OpenGLESUtil.cpp */; };
/* End PBXBuildFile section */

/* Begin PBXCopyFilesBuildPhase section */
		9668A74C1DA5D20200F10F62 /* CopyFiles */ = {
			isa = PBXCopyFilesBuildPhase;
			buildActionMask = 2147483647;
			dstPath = "include/$(PRODUCT_NAME)";
			dstSubfolderSpec = 16;
			files = (
				9668A7571DA5D2B100F10F62 /* OpenGLESConfig.h in CopyFiles */,
				9668A7581DA5D2B100F10F62 /* OpenGLESContext.h in CopyFiles */,
				9668A7591DA5D2B100F10F62 /* OpenGLESFile.h in CopyFiles */,
				9668A75A1DA5D2B100F10F62 /* OpenGLESImplementation.h in CopyFiles */,
				9668A75B1DA5D2B100F10F62 /* OpenGLESMath.h in CopyFiles */,
				9668A75C1DA5D2B100F10F62 /* OpenGLESString.h in CopyFiles */,
				9668A75D1DA5D2B100F10F62 /* OpenGLESUtil.h in CopyFiles */,
			);
			runOnlyForDeploymentPostprocessing = 0;
		};
		9668A75F1DA5D2D100F10F62 /* CopyFiles */ = {
			isa = PBXCopyFilesBuildPhase;
			buildActionMask = 2147483647;
			dstPath = "include/$(PRODUCT_NAME)/OpenGLES11";
			dstSubfolderSpec = 16;
			files = (
				9668A7601DA5D2EF00F10F62 /* OpenGLES11Context.h in CopyFiles */,
				9668A7611DA5D2EF00F10F62 /* OpenGLES11Implementation.h in CopyFiles */,
			);
			runOnlyForDeploymentPostprocessing = 0;
		};
		9668A7621DA5D2F400F10F62 /* CopyFiles */ = {
			isa = PBXCopyFilesBuildPhase;
			buildActionMask = 2147483647;
			dstPath = "include/$(PRODUCT_NAME)/OpenGLES20";
			dstSubfolderSpec = 16;
			files = (
				9668A7631DA5D31A00F10F62 /* Attribute.h in CopyFiles */,
				9668A7641DA5D31A00F10F62 /* MatrixStack.h in CopyFiles */,
				9668A7651DA5D31A00F10F62 /* OpenGLES20Context.h in CopyFiles */,
				9668A7661DA5D31A00F10F62 /* OpenGLES20Implementation.h in CopyFiles */,
				9668A7671DA5D31A00F10F62 /* OpenGLESState.h in CopyFiles */,
				9668A7681DA5D31A00F10F62 /* Shader.h in CopyFiles */,
				9668A7691DA5D31A00F10F62 /* ShaderFile.h in CopyFiles */,
				9668A76A1DA5D31A00F10F62 /* ShaderProgram.h in CopyFiles */,
				9668A76B1DA5D31A00F10F62 /* ShaderSource.h in CopyFiles */,
				9668A76C1DA5D31A00F10F62 /* Uniform.h in CopyFiles */,
			);
			runOnlyForDeploymentPostprocessing = 0;
		};
/* End PBXCopyFilesBuildPhase section */

/* Begin PBXFileReference section */
		9644C23A1D66166A00EF4ACD /* gles2bc.h */ = {isa = PBXFileReference; lastKnownFileType = sourcecode.c.h; path = gles2bc.h; sourceTree = "<group>"; };
		9644C23C1D66166A00EF4ACD /* Info.plist */ = {isa = PBXFileReference; lastKnownFileType = text.plist.xml; path = Info.plist; sourceTree = "<group>"; };
		9644C2441D66168B00EF4ACD /* OpenGLES11Context.cpp */ = {isa = PBXFileReference; fileEncoding = 4; lastKnownFileType = sourcecode.cpp.cpp; path = OpenGLES11Context.cpp; sourceTree = "<group>"; };
		9644C2451D66168B00EF4ACD /* OpenGLES11Context.h */ = {isa = PBXFileReference; fileEncoding = 4; lastKnownFileType = sourcecode.c.h; path = OpenGLES11Context.h; sourceTree = "<group>"; };
		9644C2461D66168B00EF4ACD /* OpenGLES11Implementation.cpp */ = {isa = PBXFileReference; fileEncoding = 4; lastKnownFileType = sourcecode.cpp.cpp; path = OpenGLES11Implementation.cpp; sourceTree = "<group>"; };
		9644C2471D66168B00EF4ACD /* OpenGLES11Implementation.h */ = {isa = PBXFileReference; fileEncoding = 4; lastKnownFileType = sourcecode.c.h; path = OpenGLES11Implementation.h; sourceTree = "<group>"; };
		9644C2491D66168B00EF4ACD /* Attribute.cpp */ = {isa = PBXFileReference; fileEncoding = 4; lastKnownFileType = sourcecode.cpp.cpp; path = Attribute.cpp; sourceTree = "<group>"; };
		9644C24A1D66168B00EF4ACD /* Attribute.h */ = {isa = PBXFileReference; fileEncoding = 4; lastKnownFileType = sourcecode.c.h; path = Attribute.h; sourceTree = "<group>"; };
		9644C24B1D66168B00EF4ACD /* MatrixStack.cpp */ = {isa = PBXFileReference; fileEncoding = 4; lastKnownFileType = sourcecode.cpp.cpp; path = MatrixStack.cpp; sourceTree = "<group>"; };
		9644C24C1D66168B00EF4ACD /* MatrixStack.h */ = {isa = PBXFileReference; fileEncoding = 4; lastKnownFileType = sourcecode.c.h; path = MatrixStack.h; sourceTree = "<group>"; };
		9644C24D1D66168B00EF4ACD /* OpenGLES20Context.cpp */ = {isa = PBXFileReference; fileEncoding = 4; lastKnownFileType = sourcecode.cpp.cpp; path = OpenGLES20Context.cpp; sourceTree = "<group>"; };
		9644C24E1D66168B00EF4ACD /* OpenGLES20Context.h */ = {isa = PBXFileReference; fileEncoding = 4; lastKnownFileType = sourcecode.c.h; path = OpenGLES20Context.h; sourceTree = "<group>"; };
		9644C24F1D66168B00EF4ACD /* OpenGLES20Implementation.cpp */ = {isa = PBXFileReference; fileEncoding = 4; lastKnownFileType = sourcecode.cpp.cpp; path = OpenGLES20Implementation.cpp; sourceTree = "<group>"; };
		9644C2501D66168B00EF4ACD /* OpenGLES20Implementation.h */ = {isa = PBXFileReference; fileEncoding = 4; lastKnownFileType = sourcecode.c.h; path = OpenGLES20Implementation.h; sourceTree = "<group>"; };
		9644C2511D66168B00EF4ACD /* OpenGLESState.cpp */ = {isa = PBXFileReference; fileEncoding = 4; lastKnownFileType = sourcecode.cpp.cpp; path = OpenGLESState.cpp; sourceTree = "<group>"; };
		9644C2521D66168B00EF4ACD /* OpenGLESState.h */ = {isa = PBXFileReference; fileEncoding = 4; lastKnownFileType = sourcecode.c.h; path = OpenGLESState.h; sourceTree = "<group>"; };
		9644C2531D66168B00EF4ACD /* Shader.cpp */ = {isa = PBXFileReference; fileEncoding = 4; lastKnownFileType = sourcecode.cpp.cpp; path = Shader.cpp; sourceTree = "<group>"; };
		9644C2541D66168B00EF4ACD /* Shader.h */ = {isa = PBXFileReference; fileEncoding = 4; lastKnownFileType = sourcecode.c.h; path = Shader.h; sourceTree = "<group>"; };
		9644C2551D66168B00EF4ACD /* ShaderFile.cpp */ = {isa = PBXFileReference; fileEncoding = 4; lastKnownFileType = sourcecode.cpp.cpp; path = ShaderFile.cpp; sourceTree = "<group>"; };
		9644C2561D66168B00EF4ACD /* ShaderFile.h */ = {isa = PBXFileReference; fileEncoding = 4; lastKnownFileType = sourcecode.c.h; path = ShaderFile.h; sourceTree = "<group>"; };
		9644C2571D66168B00EF4ACD /* ShaderProgram.cpp */ = {isa = PBXFileReference; fileEncoding = 4; lastKnownFileType = sourcecode.cpp.cpp; path = ShaderProgram.cpp; sourceTree = "<group>"; };
		9644C2581D66168B00EF4ACD /* ShaderProgram.h */ = {isa = PBXFileReference; fileEncoding = 4; lastKnownFileType = sourcecode.c.h; path = ShaderProgram.h; sourceTree = "<group>"; };
		9644C25A1D66168B00EF4ACD /* alphaTest.frag */ = {isa = PBXFileReference; fileEncoding = 4; lastKnownFileType = sourcecode.glsl; path = alphaTest.frag; sourceTree = "<group>"; };
		9644C25B1D66168B00EF4ACD /* clipPlane.frag */ = {isa = PBXFileReference; fileEncoding = 4; lastKnownFileType = sourcecode.glsl; path = clipPlane.frag; sourceTree = "<group>"; };
		9644C25C1D66168B00EF4ACD /* clipPlane.vert */ = {isa = PBXFileReference; fileEncoding = 4; lastKnownFileType = sourcecode.glsl; path = clipPlane.vert; sourceTree = "<group>"; };
		9644C25D1D66168B00EF4ACD /* fog.glsl */ = {isa = PBXFileReference; fileEncoding = 4; lastKnownFileType = text; path = fog.glsl; sourceTree = "<group>"; };
		9644C25E1D66168B00EF4ACD /* lighting.frag */ = {isa = PBXFileReference; fileEncoding = 4; lastKnownFileType = sourcecode.glsl; path = lighting.frag; sourceTree = "<group>"; };
		9644C25F1D66168B00EF4ACD /* lighting.vert */ = {isa = PBXFileReference; fileEncoding = 4; lastKnownFileType = sourcecode.glsl; path = lighting.vert; sourceTree = "<group>"; };
		9644C2601D66168B00EF4ACD /* lightingPerFragment.frag */ = {isa = PBXFileReference; fileEncoding = 4; lastKnownFileType = sourcecode.glsl; path = lightingPerFragment.frag; sourceTree = "<group>"; };
		9644C2611D66168B00EF4ACD /* lightingPerFragment.vert */ = {isa = PBXFileReference; fileEncoding = 4; lastKnownFileType = sourcecode.glsl; path = lightingPerFragment.vert; sourceTree = "<group>"; };
		9644C2621D66168B00EF4ACD /* lightingPerVertex.vert */ = {isa = PBXFileReference; fileEncoding = 4; lastKnownFileType = sourcecode.glsl; path = lightingPerVertex.vert; sourceTree = "<group>"; };
		9644C2631D66168B00EF4ACD /* main.frag */ = {isa = PBXFileReference; fileEncoding = 4; lastKnownFileType = sourcecode.glsl; path = main.frag; sourceTree = "<group>"; };
		9644C2641D66168B00EF4ACD /* main.vert */ = {isa = PBXFileReference; fileEncoding = 4; lastKnownFileType = sourcecode.glsl; path = main.vert; sourceTree = "<group>"; };
		9644C2651D66168B00EF4ACD /* postprocess.frag */ = {isa = PBXFileReference; fileEncoding = 4; lastKnownFileType = sourcecode.glsl; path = postprocess.frag; sourceTree = "<group>"; };
		9644C2661D66168B00EF4ACD /* postprocess.vert */ = {isa = PBXFileReference; fileEncoding = 4; lastKnownFileType = sourcecode.glsl; path = postprocess.vert; sourceTree = "<group>"; };
		9644C2671D66168B00EF4ACD /* texture.frag */ = {isa = PBXFileReference; fileEncoding = 4; lastKnownFileType = sourcecode.glsl; path = texture.frag; sourceTree = "<group>"; };
		9644C2681D66168B00EF4ACD /* texture.vert */ = {isa = PBXFileReference; fileEncoding = 4; lastKnownFileType = sourcecode.glsl; path = texture.vert; sourceTree = "<group>"; };
		9644C2691D66168B00EF4ACD /* texture0.frag */ = {isa = PBXFileReference; fileEncoding = 4; lastKnownFileType = sourcecode.glsl; path = texture0.frag; sourceTree = "<group>"; };
		9644C26A1D66168B00EF4ACD /* texture0.vert */ = {isa = PBXFileReference; fileEncoding = 4; lastKnownFileType = sourcecode.glsl; path = texture0.vert; sourceTree = "<group>"; };
		9644C26B1D66168B00EF4ACD /* texture1.frag */ = {isa = PBXFileReference; fileEncoding = 4; lastKnownFileType = sourcecode.glsl; path = texture1.frag; sourceTree = "<group>"; };
		9644C26C1D66168B00EF4ACD /* texture1.vert */ = {isa = PBXFileReference; fileEncoding = 4; lastKnownFileType = sourcecode.glsl; path = texture1.vert; sourceTree = "<group>"; };
		9644C26D1D66168B00EF4ACD /* texture2.frag */ = {isa = PBXFileReference; fileEncoding = 4; lastKnownFileType = sourcecode.glsl; path = texture2.frag; sourceTree = "<group>"; };
		9644C26E1D66168B00EF4ACD /* texture2.vert */ = {isa = PBXFileReference; fileEncoding = 4; lastKnownFileType = sourcecode.glsl; path = texture2.vert; sourceTree = "<group>"; };
		9644C26F1D66168B00EF4ACD /* ShaderSource.cpp */ = {isa = PBXFileReference; fileEncoding = 4; lastKnownFileType = sourcecode.cpp.cpp; path = ShaderSource.cpp; sourceTree = "<group>"; };
		9644C2701D66168B00EF4ACD /* ShaderSource.h */ = {isa = PBXFileReference; fileEncoding = 4; lastKnownFileType = sourcecode.c.h; path = ShaderSource.h; sourceTree = "<group>"; };
		9644C2711D66168B00EF4ACD /* Uniform.cpp */ = {isa = PBXFileReference; fileEncoding = 4; lastKnownFileType = sourcecode.cpp.cpp; path = Uniform.cpp; sourceTree = "<group>"; };
		9644C2721D66168B00EF4ACD /* Uniform.h */ = {isa = PBXFileReference; fileEncoding = 4; lastKnownFileType = sourcecode.c.h; path = Uniform.h; sourceTree = "<group>"; };
		9644C2731D66168B00EF4ACD /* OpenGLESConfig.cpp */ = {isa = PBXFileReference; fileEncoding = 4; lastKnownFileType = sourcecode.cpp.cpp; path = OpenGLESConfig.cpp; sourceTree = "<group>"; };
		9644C2741D66168B00EF4ACD /* OpenGLESConfig.h */ = {isa = PBXFileReference; fileEncoding = 4; lastKnownFileType = sourcecode.c.h; path = OpenGLESConfig.h; sourceTree = "<group>"; };
		9644C2751D66168B00EF4ACD /* OpenGLESContext.cpp */ = {isa = PBXFileReference; fileEncoding = 4; lastKnownFileType = sourcecode.cpp.cpp; path = OpenGLESContext.cpp; sourceTree = "<group>"; };
		9644C2761D66168B00EF4ACD /* OpenGLESContext.h */ = {isa = PBXFileReference; fileEncoding = 4; lastKnownFileType = sourcecode.c.h; path = OpenGLESContext.h; sourceTree = "<group>"; };
		9644C2771D66168B00EF4ACD /* OpenGLESFile.cpp */ = {isa = PBXFileReference; fileEncoding = 4; lastKnownFileType = sourcecode.cpp.cpp; path = OpenGLESFile.cpp; sourceTree = "<group>"; };
		9644C2781D66168B00EF4ACD /* OpenGLESFile.h */ = {isa = PBXFileReference; fileEncoding = 4; lastKnownFileType = sourcecode.c.h; path = OpenGLESFile.h; sourceTree = "<group>"; };
		9644C2791D66168B00EF4ACD /* OpenGLESImplementation.cpp */ = {isa = PBXFileReference; fileEncoding = 4; lastKnownFileType = sourcecode.cpp.cpp; path = OpenGLESImplementation.cpp; sourceTree = "<group>"; };
		9644C27A1D66168B00EF4ACD /* OpenGLESImplementation.h */ = {isa = PBXFileReference; fileEncoding = 4; lastKnownFileType = sourcecode.c.h; path = OpenGLESImplementation.h; sourceTree = "<group>"; };
		9644C27B1D66168B00EF4ACD /* OpenGLESMath.h */ = {isa = PBXFileReference; fileEncoding = 4; lastKnownFileType = sourcecode.c.h; path = OpenGLESMath.h; sourceTree = "<group>"; };
		9644C27C1D66168B00EF4ACD /* OpenGLESString.cpp */ = {isa = PBXFileReference; fileEncoding = 4; lastKnownFileType = sourcecode.cpp.cpp; path = OpenGLESString.cpp; sourceTree = "<group>"; };
		9644C27D1D66168B00EF4ACD /* OpenGLESString.h */ = {isa = PBXFileReference; fileEncoding = 4; lastKnownFileType = sourcecode.c.h; path = OpenGLESString.h; sourceTree = "<group>"; };
		9644C27E1D66168B00EF4ACD /* OpenGLESUtil.cpp */ = {isa = PBXFileReference; fileEncoding = 4; lastKnownFileType = sourcecode.cpp.cpp; path = OpenGLESUtil.cpp; sourceTree = "<group>"; };
		9644C27F1D66168B00EF4ACD /* OpenGLESUtil.h */ = {isa = PBXFileReference; fileEncoding = 4; lastKnownFileType = sourcecode.c.h; path = OpenGLESUtil.h; sourceTree = "<group>"; };
		9644C2BB1D661B3D00EF4ACD /* OpenGLES.framework */ = {isa = PBXFileReference; lastKnownFileType = wrapper.framework; name = OpenGLES.framework; path = System/Library/Frameworks/OpenGLES.framework; sourceTree = SDKROOT; };
		9668A74E1DA5D20200F10F62 /* libgles2bc.a */ = {isa = PBXFileReference; explicitFileType = archive.ar; includeInIndex = 0; path = libgles2bc.a; sourceTree = BUILT_PRODUCTS_DIR; };
/* End PBXFileReference section */

/* Begin PBXFrameworksBuildPhase section */
		9668A74B1DA5D20200F10F62 /* Frameworks */ = {
			isa = PBXFrameworksBuildPhase;
			buildActionMask = 2147483647;
			files = (
			);
			runOnlyForDeploymentPostprocessing = 0;
		};
/* End PBXFrameworksBuildPhase section */

/* Begin PBXGroup section */
		9644C22D1D66166A00EF4ACD = {
			isa = PBXGroup;
			children = (
				9644C2591D66168B00EF4ACD /* shaders */,
				9644C2421D66168B00EF4ACD /* OpenGLES */,
				9644C2391D66166A00EF4ACD /* gles2bc */,
				9644C2381D66166A00EF4ACD /* Products */,
				9644C2BA1D661B3D00EF4ACD /* Frameworks */,
			);
			sourceTree = "<group>";
		};
		9644C2381D66166A00EF4ACD /* Products */ = {
			isa = PBXGroup;
			children = (
				9668A74E1DA5D20200F10F62 /* libgles2bc.a */,
			);
			name = Products;
			sourceTree = "<group>";
		};
		9644C2391D66166A00EF4ACD /* gles2bc */ = {
			isa = PBXGroup;
			children = (
				9644C23A1D66166A00EF4ACD /* gles2bc.h */,
				9644C23C1D66166A00EF4ACD /* Info.plist */,
			);
			path = gles2bc;
			sourceTree = "<group>";
		};
		9644C2421D66168B00EF4ACD /* OpenGLES */ = {
			isa = PBXGroup;
			children = (
				9644C2431D66168B00EF4ACD /* OpenGLES11 */,
				9644C2481D66168B00EF4ACD /* OpenGLES20 */,
				9644C2731D66168B00EF4ACD /* OpenGLESConfig.cpp */,
				9644C2741D66168B00EF4ACD /* OpenGLESConfig.h */,
				9644C2751D66168B00EF4ACD /* OpenGLESContext.cpp */,
				9644C2761D66168B00EF4ACD /* OpenGLESContext.h */,
				9644C2771D66168B00EF4ACD /* OpenGLESFile.cpp */,
				9644C2781D66168B00EF4ACD /* OpenGLESFile.h */,
				9644C2791D66168B00EF4ACD /* OpenGLESImplementation.cpp */,
				9644C27A1D66168B00EF4ACD /* OpenGLESImplementation.h */,
				9644C27B1D66168B00EF4ACD /* OpenGLESMath.h */,
				9644C27C1D66168B00EF4ACD /* OpenGLESString.cpp */,
				9644C27D1D66168B00EF4ACD /* OpenGLESString.h */,
				9644C27E1D66168B00EF4ACD /* OpenGLESUtil.cpp */,
				9644C27F1D66168B00EF4ACD /* OpenGLESUtil.h */,
			);
			path = OpenGLES;
			sourceTree = "<group>";
		};
		9644C2431D66168B00EF4ACD /* OpenGLES11 */ = {
			isa = PBXGroup;
			children = (
				9644C2441D66168B00EF4ACD /* OpenGLES11Context.cpp */,
				9644C2451D66168B00EF4ACD /* OpenGLES11Context.h */,
				9644C2461D66168B00EF4ACD /* OpenGLES11Implementation.cpp */,
				9644C2471D66168B00EF4ACD /* OpenGLES11Implementation.h */,
			);
			path = OpenGLES11;
			sourceTree = "<group>";
		};
		9644C2481D66168B00EF4ACD /* OpenGLES20 */ = {
			isa = PBXGroup;
			children = (
				9644C2491D66168B00EF4ACD /* Attribute.cpp */,
				9644C24A1D66168B00EF4ACD /* Attribute.h */,
				9644C24B1D66168B00EF4ACD /* MatrixStack.cpp */,
				9644C24C1D66168B00EF4ACD /* MatrixStack.h */,
				9644C24D1D66168B00EF4ACD /* OpenGLES20Context.cpp */,
				9644C24E1D66168B00EF4ACD /* OpenGLES20Context.h */,
				9644C24F1D66168B00EF4ACD /* OpenGLES20Implementation.cpp */,
				9644C2501D66168B00EF4ACD /* OpenGLES20Implementation.h */,
				9644C2511D66168B00EF4ACD /* OpenGLESState.cpp */,
				9644C2521D66168B00EF4ACD /* OpenGLESState.h */,
				9644C2531D66168B00EF4ACD /* Shader.cpp */,
				9644C2541D66168B00EF4ACD /* Shader.h */,
				9644C2551D66168B00EF4ACD /* ShaderFile.cpp */,
				9644C2561D66168B00EF4ACD /* ShaderFile.h */,
				9644C2571D66168B00EF4ACD /* ShaderProgram.cpp */,
				9644C2581D66168B00EF4ACD /* ShaderProgram.h */,
				9644C26F1D66168B00EF4ACD /* ShaderSource.cpp */,
				9644C2701D66168B00EF4ACD /* ShaderSource.h */,
				9644C2711D66168B00EF4ACD /* Uniform.cpp */,
				9644C2721D66168B00EF4ACD /* Uniform.h */,
			);
			path = OpenGLES20;
			sourceTree = "<group>";
		};
		9644C2591D66168B00EF4ACD /* shaders */ = {
			isa = PBXGroup;
			children = (
				9644C25A1D66168B00EF4ACD /* alphaTest.frag */,
				9644C25B1D66168B00EF4ACD /* clipPlane.frag */,
				9644C25C1D66168B00EF4ACD /* clipPlane.vert */,
				9644C25D1D66168B00EF4ACD /* fog.glsl */,
				9644C25E1D66168B00EF4ACD /* lighting.frag */,
				9644C25F1D66168B00EF4ACD /* lighting.vert */,
				9644C2601D66168B00EF4ACD /* lightingPerFragment.frag */,
				9644C2611D66168B00EF4ACD /* lightingPerFragment.vert */,
				9644C2621D66168B00EF4ACD /* lightingPerVertex.vert */,
				9644C2631D66168B00EF4ACD /* main.frag */,
				9644C2641D66168B00EF4ACD /* main.vert */,
				9644C2651D66168B00EF4ACD /* postprocess.frag */,
				9644C2661D66168B00EF4ACD /* postprocess.vert */,
				9644C2671D66168B00EF4ACD /* texture.frag */,
				9644C2681D66168B00EF4ACD /* texture.vert */,
				9644C2691D66168B00EF4ACD /* texture0.frag */,
				9644C26A1D66168B00EF4ACD /* texture0.vert */,
				9644C26B1D66168B00EF4ACD /* texture1.frag */,
				9644C26C1D66168B00EF4ACD /* texture1.vert */,
				9644C26D1D66168B00EF4ACD /* texture2.frag */,
				9644C26E1D66168B00EF4ACD /* texture2.vert */,
			);
			path = shaders;
			sourceTree = "<group>";
		};
		9644C2BA1D661B3D00EF4ACD /* Frameworks */ = {
			isa = PBXGroup;
			children = (
				9644C2BB1D661B3D00EF4ACD /* OpenGLES.framework */,
			);
			name = Frameworks;
			sourceTree = "<group>";
		};
/* End PBXGroup section */

/* Begin PBXNativeTarget section */
		9668A74D1DA5D20200F10F62 /* gles2bc */ = {
			isa = PBXNativeTarget;
			buildConfigurationList = 9668A7541DA5D20200F10F62 /* Build configuration list for PBXNativeTarget "gles2bc" */;
			buildPhases = (
				9668A74A1DA5D20200F10F62 /* Sources */,
				9668A74B1DA5D20200F10F62 /* Frameworks */,
				9668A74C1DA5D20200F10F62 /* CopyFiles */,
				9668A75F1DA5D2D100F10F62 /* CopyFiles */,
				9668A7621DA5D2F400F10F62 /* CopyFiles */,
			);
			buildRules = (
			);
			dependencies = (
			);
			name = gles2bc;
			productName = gles2bc;
			productReference = 9668A74E1DA5D20200F10F62 /* libgles2bc.a */;
			productType = "com.apple.product-type.library.static";
		};
/* End PBXNativeTarget section */

/* Begin PBXProject section */
		9644C22E1D66166A00EF4ACD /* Project object */ = {
			isa = PBXProject;
			attributes = {
				LastUpgradeCheck = 0800;
				ORGANIZATIONNAME = "Michel Donais";
				TargetAttributes = {
					9668A74D1DA5D20200F10F62 = {
						CreatedOnToolsVersion = 8.0;
						DevelopmentTeam = 6UA46ZJEU9;
						ProvisioningStyle = Automatic;
					};
				};
			};
			buildConfigurationList = 9644C2311D66166A00EF4ACD /* Build configuration list for PBXProject "gles2bc" */;
			compatibilityVersion = "Xcode 3.2";
			developmentRegion = English;
			hasScannedForEncodings = 0;
			knownRegions = (
				en,
			);
			mainGroup = 9644C22D1D66166A00EF4ACD;
			productRefGroup = 9644C2381D66166A00EF4ACD /* Products */;
			projectDirPath = "";
			projectRoot = "";
			targets = (
				9668A74D1DA5D20200F10F62 /* gles2bc */,
			);
		};
/* End PBXProject section */

/* Begin PBXSourcesBuildPhase section */
		9668A74A1DA5D20200F10F62 /* Sources */ = {
			isa = PBXSourcesBuildPhase;
			buildActionMask = 2147483647;
			files = (
				9668A7741DA5D45600F10F62 /* OpenGLES11Context.cpp in Sources */,
				9668A7751DA5D45600F10F62 /* OpenGLES11Implementation.cpp in Sources */,
				9668A7761DA5D45600F10F62 /* Attribute.cpp in Sources */,
				9668A7771DA5D45600F10F62 /* MatrixStack.cpp in Sources */,
				9668A7781DA5D45600F10F62 /* OpenGLES20Context.cpp in Sources */,
				9668A7791DA5D45600F10F62 /* OpenGLES20Implementation.cpp in Sources */,
				9668A77A1DA5D45600F10F62 /* OpenGLESState.cpp in Sources */,
				9668A77B1DA5D45600F10F62 /* Shader.cpp in Sources */,
				9668A77C1DA5D45600F10F62 /* ShaderFile.cpp in Sources */,
				9668A77D1DA5D45600F10F62 /* ShaderProgram.cpp in Sources */,
				9668A77E1DA5D45600F10F62 /* ShaderSource.cpp in Sources */,
				9668A77F1DA5D45600F10F62 /* Uniform.cpp in Sources */,
				9668A7801DA5D45600F10F62 /* OpenGLESConfig.cpp in Sources */,
				9668A7811DA5D45600F10F62 /* OpenGLESContext.cpp in Sources */,
				9668A7821DA5D45600F10F62 /* OpenGLESFile.cpp in Sources */,
				9668A7831DA5D45600F10F62 /* OpenGLESImplementation.cpp in Sources */,
				9668A7841DA5D45600F10F62 /* OpenGLESString.cpp in Sources */,
				9668A7851DA5D45600F10F62 /* OpenGLESUtil.cpp in Sources */,
			);
			runOnlyForDeploymentPostprocessing = 0;
		};
/* End PBXSourcesBuildPhase section */

/* Begin XCBuildConfiguration section */
		9644C23D1D66166A00EF4ACD /* Debug */ = {
			isa = XCBuildConfiguration;
			buildSettings = {
				ALWAYS_SEARCH_USER_PATHS = NO;
				CLANG_ANALYZER_NONNULL = YES;
				CLANG_CXX_LANGUAGE_STANDARD = "gnu++0x";
				CLANG_CXX_LIBRARY = "libc++";
				CLANG_ENABLE_MODULES = YES;
				CLANG_ENABLE_OBJC_ARC = YES;
				CLANG_WARN_BOOL_CONVERSION = YES;
				CLANG_WARN_CONSTANT_CONVERSION = YES;
				CLANG_WARN_DIRECT_OBJC_ISA_USAGE = YES_ERROR;
				CLANG_WARN_DOCUMENTATION_COMMENTS = YES;
				CLANG_WARN_EMPTY_BODY = YES;
				CLANG_WARN_ENUM_CONVERSION = YES;
				CLANG_WARN_INT_CONVERSION = YES;
				CLANG_WARN_OBJC_ROOT_CLASS = YES_ERROR;
				CLANG_WARN_UNREACHABLE_CODE = YES;
				CLANG_WARN__DUPLICATE_METHOD_MATCH = YES;
				"CODE_SIGN_IDENTITY[sdk=iphoneos*]" = "iPhone Developer";
				COPY_PHASE_STRIP = NO;
				CURRENT_PROJECT_VERSION = 1;
				DEBUG_INFORMATION_FORMAT = dwarf;
				ENABLE_STRICT_OBJC_MSGSEND = YES;
				ENABLE_TESTABILITY = YES;
				GCC_C_LANGUAGE_STANDARD = gnu99;
				GCC_DYNAMIC_NO_PIC = NO;
				GCC_NO_COMMON_BLOCKS = YES;
				GCC_OPTIMIZATION_LEVEL = 0;
				GCC_PREPROCESSOR_DEFINITIONS = (
					"DEBUG=1",
					"$(inherited)",
				);
				GCC_WARN_64_TO_32_BIT_CONVERSION = YES;
				GCC_WARN_ABOUT_RETURN_TYPE = YES_ERROR;
				GCC_WARN_UNDECLARED_SELECTOR = YES;
				GCC_WARN_UNINITIALIZED_AUTOS = YES_AGGRESSIVE;
				GCC_WARN_UNUSED_FUNCTION = YES;
				GCC_WARN_UNUSED_VARIABLE = YES;
				IPHONEOS_DEPLOYMENT_TARGET = 10.0;
				MTL_ENABLE_DEBUG_INFO = YES;
				ONLY_ACTIVE_ARCH = YES;
				SDKROOT = iphoneos;
				TARGETED_DEVICE_FAMILY = "1,2";
				VERSIONING_SYSTEM = "apple-generic";
				VERSION_INFO_PREFIX = "";
			};
			name = Debug;
		};
		9644C23E1D66166A00EF4ACD /* Release */ = {
			isa = XCBuildConfiguration;
			buildSettings = {
				ALWAYS_SEARCH_USER_PATHS = NO;
				CLANG_ANALYZER_NONNULL = YES;
				CLANG_CXX_LANGUAGE_STANDARD = "gnu++0x";
				CLANG_CXX_LIBRARY = "libc++";
				CLANG_ENABLE_MODULES = YES;
				CLANG_ENABLE_OBJC_ARC = YES;
				CLANG_WARN_BOOL_CONVERSION = YES;
				CLANG_WARN_CONSTANT_CONVERSION = YES;
				CLANG_WARN_DIRECT_OBJC_ISA_USAGE = YES_ERROR;
				CLANG_WARN_DOCUMENTATION_COMMENTS = YES;
				CLANG_WARN_EMPTY_BODY = YES;
				CLANG_WARN_ENUM_CONVERSION = YES;
				CLANG_WARN_INT_CONVERSION = YES;
				CLANG_WARN_OBJC_ROOT_CLASS = YES_ERROR;
				CLANG_WARN_UNREACHABLE_CODE = YES;
				CLANG_WARN__DUPLICATE_METHOD_MATCH = YES;
				"CODE_SIGN_IDENTITY[sdk=iphoneos*]" = "iPhone Developer";
				COPY_PHASE_STRIP = NO;
				CURRENT_PROJECT_VERSION = 1;
				DEBUG_INFORMATION_FORMAT = "dwarf-with-dsym";
				ENABLE_NS_ASSERTIONS = NO;
				ENABLE_STRICT_OBJC_MSGSEND = YES;
				GCC_C_LANGUAGE_STANDARD = gnu99;
				GCC_NO_COMMON_BLOCKS = YES;
				GCC_WARN_64_TO_32_BIT_CONVERSION = YES;
				GCC_WARN_ABOUT_RETURN_TYPE = YES_ERROR;
				GCC_WARN_UNDECLARED_SELECTOR = YES;
				GCC_WARN_UNINITIALIZED_AUTOS = YES_AGGRESSIVE;
				GCC_WARN_UNUSED_FUNCTION = YES;
				GCC_WARN_UNUSED_VARIABLE = YES;
				IPHONEOS_DEPLOYMENT_TARGET = 10.0;
				MTL_ENABLE_DEBUG_INFO = NO;
				SDKROOT = iphoneos;
				TARGETED_DEVICE_FAMILY = "1,2";
				VALIDATE_PRODUCT = YES;
				VERSIONING_SYSTEM = "apple-generic";
				VERSION_INFO_PREFIX = "";
			};
			name = Release;
		};
		9668A7551DA5D20200F10F62 /* Debug */ = {
			isa = XCBuildConfiguration;
			buildSettings = {
				CLANG_WARN_INFINITE_RECURSION = YES;
				CLANG_WARN_SUSPICIOUS_MOVES = YES;
				DEVELOPMENT_TEAM = 6UA46ZJEU9;
				OTHER_LDFLAGS = "-ObjC";
				PRODUCT_NAME = "$(TARGET_NAME)";
				SKIP_INSTALL = YES;
			};
			name = Debug;
		};
		9668A7561DA5D20200F10F62 /* Release */ = {
			isa = XCBuildConfiguration;
			buildSettings = {
				CLANG_WARN_INFINITE_RECURSION = YES;
				CLANG_WARN_SUSPICIOUS_MOVES = YES;
				DEVELOPMENT_TEAM = 6UA46ZJEU9;
				OTHER_LDFLAGS = "-ObjC";
				PRODUCT_NAME = "$(TARGET_NAME)";
				SKIP_INSTALL = YES;
			};
			name = Release;
		};
/* End XCBuildConfiguration section */

/* Begin XCConfigurationList section */
		9644C2311D66166A00EF4ACD /* Build configuration list for PBXProject "gles2bc" */ = {
			isa = XCConfigurationList;
			buildConfigurations = (
				9644C23D1D66166A00EF4ACD /* Debug */,
				9644C23E1D66166A00EF4ACD /* Release */,
			);
			defaultConfigurationIsVisible = 0;
			defaultConfigurationName = Release;
		};
		9668A7541DA5D20200F10F62 /* Build configuration list for PBXNativeTarget "gles2bc" */ = {
			isa = XCConfigurationList;
			buildConfigurations = (
				9668A7551DA5D20200F10F62 /* Debug */,
				9668A7561DA5D20200F10F62 /* Release */,
			);
			defaultConfigurationIsVisible = 0;
		};
/* End XCConfigurationList section */
	};
	rootObject = 9644C22E1D66166A00EF4ACD /* Project object */;
}
